Microsoft Visual Studio Solution File, Format Version 12.00
# Visual Studio Version 17
VisualStudioVersion = 17.12.35707.178 d17.12
MinimumVisualStudioVersion = 10.0.40219.1
Project("{FAE04EC0-301F-11D3-BF4B-00C04F79EFBC}") = "StartedServicesDemo", "StartedServicesDemo\StartedServicesDemo.csproj", "{05DAB32E-1F15-4E61-91CE-0D658503ED2B}"
EndProject
Project("{FAE04EC0-301F-11D3-BF4B-00C04F79EFBC}") = "PrinterClassLib", "PrinterClassLib\PrinterClassLib.csproj", "{1372F510-3D32-4457-AA42-9D66605EDA35}"
EndProject
Project("{FAE04EC0-301F-11D3-BF4B-00C04F79EFBC}") = "MauiPrint", "MauiPrint\MauiPrint.csproj", "{B64A2A92-808B-450A-A952-44439960E1E7}"
EndProject
Global
	GlobalSection(SolutionConfigurationPlatforms) = preSolution
		Debug|Any CPU = Debug|Any CPU
		Release|Any CPU = Release|Any CPU
	EndGlobalSection
	GlobalSection(ProjectConfigurationPlatforms) = postSolution
		{05DAB32E-1F15-4E61-91CE-0D658503ED2B}.Debug|Any CPU.ActiveCfg = Debug|Any CPU
		{05DAB32E-1F15-4E61-91CE-0D658503ED2B}.Debug|Any CPU.Build.0 = Debug|Any CPU
		{05DAB32E-1F15-4E61-91CE-0D658503ED2B}.Debug|Any CPU.Deploy.0 = Debug|Any CPU
		{05DAB32E-1F15-4E61-91CE-0D658503ED2B}.Release|Any CPU.ActiveCfg = Release|Any CPU
		{05DAB32E-1F15-4E61-91CE-0D658503ED2B}.Release|Any CPU.Build.0 = Release|Any CPU
		{05DAB32E-1F15-4E61-91CE-0D658503ED2B}.Release|Any CPU.Deploy.0 = Release|Any CPU
		{1372F510-3D32-4457-AA42-9D66605EDA35}.Debug|Any CPU.ActiveCfg = Debug|Any CPU
		{1372F510-3D32-4457-AA42-9D66605EDA35}.Debug|Any CPU.Build.0 = Debug|Any CPU
		{1372F510-3D32-4457-AA42-9D66605EDA35}.Release|Any CPU.ActiveCfg = Release|Any CPU
		{1372F510-3D32-4457-AA42-9D66605EDA35}.Release|Any CPU.Build.0 = Release|Any CPU
		{B64A2A92-808B-450A-A952-44439960E1E7}.Debug|Any CPU.ActiveCfg = Debug|Any CPU
		{B64A2A92-808B-450A-A952-44439960E1E7}.Debug|Any CPU.Build.0 = Debug|Any CPU
		{B64A2A92-808B-450A-A952-44439960E1E7}.Debug|Any CPU.Deploy.0 = Debug|Any CPU
		{B64A2A92-808B-450A-A952-44439960E1E7}.Release|Any CPU.ActiveCfg = Release|Any CPU
		{B64A2A92-808B-450A-A952-44439960E1E7}.Release|Any CPU.Build.0 = Release|Any CPU
	EndGlobalSection
	GlobalSection(SolutionProperties) = preSolution
		HideSolutionNode = FALSE
	EndGlobalSection
	GlobalSection(ExtensibilityGlobals) = postSolution
		SolutionGuid = {A7D2D3A5-A9D5-40E5-9C82-76A3FE368E78}
	EndGlobalSection
EndGlobal
